
Microsoft Visual Studio Solution File, Format Version 12.00
# Visual Studio 15
VisualStudioVersion = 15.0.27130.2024
MinimumVisualStudioVersion = 10.0.40219.1
Project("{2150E333-8FDC-42A3-9474-1A3956D46DE8}") = "Invoice_v1", "Invoice_v1", "{D69B7AE6-D948-445D-92A1-DA5C18F54FB4}"
EndProject
Project("{FAE04EC0-301F-11D3-BF4B-00C04F79EFBC}") = "InvoiceV1", "InvoiceV1\InvoiceV1.csproj", "{19D6DFF3-E8C9-462B-BD56-D06A66A25988}"
EndProject
Project("{2150E333-8FDC-42A3-9474-1A3956D46DE8}") = "Invoice_v2", "Invoice_v2", "{BA93C865-B926-4AC7-9E3C-4BE63BB9B9A6}"
EndProject
Project("{FAE04EC0-301F-11D3-BF4B-00C04F79EFBC}") = "InvoiceV2", "InvoiceV2\InvoiceV2.csproj", "{C2C24944-02CF-45F8-98F1-528477FF9665}"
EndProject
Project("{FAE04EC0-301F-11D3-BF4B-00C04F79EFBC}") = "FunctionsV2", "FunctionsV2\FunctionsV2.csproj", "{E8FA8AE8-D358-4ACC-B719-A998D9EA6BBB}"
EndProject
Project("{2150E333-8FDC-42A3-9474-1A3956D46DE8}") = "Invoice_v3", "Invoice_v3", "{49104745-5DD3-489F-BAB4-40D734CDCE16}"
EndProject
Project("{FAE04EC0-301F-11D3-BF4B-00C04F79EFBC}") = "InvoiceV3", "InvoiceV3\InvoiceV3.csproj", "{8522B38C-9719-4954-BC7F-267A19A7C717}"
EndProject
Project("{FAE04EC0-301F-11D3-BF4B-00C04F79EFBC}") = "FunctionsV3", "FunctionsV3\FunctionsV3.csproj", "{B180300B-A7C2-4814-8938-3138EFB58757}"
EndProject
Project("{2150E333-8FDC-42A3-9474-1A3956D46DE8}") = "Invoice_v4", "Invoice_v4", "{28D2254F-AA43-40D0-AF94-5160C5805DC4}"
EndProject
Project("{FAE04EC0-301F-11D3-BF4B-00C04F79EFBC}") = "ServiceBusSample", "HubExample\ServiceBusSample.csproj", "{6BFF1CF3-603E-4457-84EB-2CEEDAA744FC}"
EndProject
Project("{2150E333-8FDC-42A3-9474-1A3956D46DE8}") = "DemoCompanyServices", "DemoCompanyServices", "{E607B514-642B-4CDA-A296-16EE29023FB7}"
EndProject
Project("{2150E333-8FDC-42A3-9474-1A3956D46DE8}") = "Bus", "Bus", "{617A0D88-9ADE-444C-BF94-5BCE019EE997}"
EndProject
Global
	GlobalSection(SolutionConfigurationPlatforms) = preSolution
		Debug|Any CPU = Debug|Any CPU
		Release|Any CPU = Release|Any CPU
	EndGlobalSection
	GlobalSection(ProjectConfigurationPlatforms) = postSolution
		{19D6DFF3-E8C9-462B-BD56-D06A66A25988}.Debug|Any CPU.ActiveCfg = Debug|Any CPU
		{19D6DFF3-E8C9-462B-BD56-D06A66A25988}.Debug|Any CPU.Build.0 = Debug|Any CPU
		{19D6DFF3-E8C9-462B-BD56-D06A66A25988}.Release|Any CPU.ActiveCfg = Release|Any CPU
		{19D6DFF3-E8C9-462B-BD56-D06A66A25988}.Release|Any CPU.Build.0 = Release|Any CPU
		{C2C24944-02CF-45F8-98F1-528477FF9665}.Debug|Any CPU.ActiveCfg = Debug|Any CPU
		{C2C24944-02CF-45F8-98F1-528477FF9665}.Debug|Any CPU.Build.0 = Debug|Any CPU
		{C2C24944-02CF-45F8-98F1-528477FF9665}.Release|Any CPU.ActiveCfg = Release|Any CPU
		{C2C24944-02CF-45F8-98F1-528477FF9665}.Release|Any CPU.Build.0 = Release|Any CPU
		{E8FA8AE8-D358-4ACC-B719-A998D9EA6BBB}.Debug|Any CPU.ActiveCfg = Debug|Any CPU
		{E8FA8AE8-D358-4ACC-B719-A998D9EA6BBB}.Debug|Any CPU.Build.0 = Debug|Any CPU
		{E8FA8AE8-D358-4ACC-B719-A998D9EA6BBB}.Release|Any CPU.ActiveCfg = Release|Any CPU
		{E8FA8AE8-D358-4ACC-B719-A998D9EA6BBB}.Release|Any CPU.Build.0 = Release|Any CPU
		{8522B38C-9719-4954-BC7F-267A19A7C717}.Debug|Any CPU.ActiveCfg = Debug|Any CPU
		{8522B38C-9719-4954-BC7F-267A19A7C717}.Debug|Any CPU.Build.0 = Debug|Any CPU
		{8522B38C-9719-4954-BC7F-267A19A7C717}.Release|Any CPU.ActiveCfg = Release|Any CPU
		{8522B38C-9719-4954-BC7F-267A19A7C717}.Release|Any CPU.Build.0 = Release|Any CPU
		{B180300B-A7C2-4814-8938-3138EFB58757}.Debug|Any CPU.ActiveCfg = Debug|Any CPU
		{B180300B-A7C2-4814-8938-3138EFB58757}.Debug|Any CPU.Build.0 = Debug|Any CPU
		{B180300B-A7C2-4814-8938-3138EFB58757}.Release|Any CPU.ActiveCfg = Release|Any CPU
		{B180300B-A7C2-4814-8938-3138EFB58757}.Release|Any CPU.Build.0 = Release|Any CPU
		{6BFF1CF3-603E-4457-84EB-2CEEDAA744FC}.Debug|Any CPU.ActiveCfg = Debug|Any CPU
		{6BFF1CF3-603E-4457-84EB-2CEEDAA744FC}.Debug|Any CPU.Build.0 = Debug|Any CPU
		{6BFF1CF3-603E-4457-84EB-2CEEDAA744FC}.Release|Any CPU.ActiveCfg = Release|Any CPU
		{6BFF1CF3-603E-4457-84EB-2CEEDAA744FC}.Release|Any CPU.Build.0 = Release|Any CPU
	EndGlobalSection
	GlobalSection(SolutionProperties) = preSolution
		HideSolutionNode = FALSE
	EndGlobalSection
	GlobalSection(NestedProjects) = preSolution
		{D69B7AE6-D948-445D-92A1-DA5C18F54FB4} = {E607B514-642B-4CDA-A296-16EE29023FB7}
		{19D6DFF3-E8C9-462B-BD56-D06A66A25988} = {D69B7AE6-D948-445D-92A1-DA5C18F54FB4}
		{BA93C865-B926-4AC7-9E3C-4BE63BB9B9A6} = {E607B514-642B-4CDA-A296-16EE29023FB7}
		{C2C24944-02CF-45F8-98F1-528477FF9665} = {BA93C865-B926-4AC7-9E3C-4BE63BB9B9A6}
		{E8FA8AE8-D358-4ACC-B719-A998D9EA6BBB} = {BA93C865-B926-4AC7-9E3C-4BE63BB9B9A6}
		{49104745-5DD3-489F-BAB4-40D734CDCE16} = {E607B514-642B-4CDA-A296-16EE29023FB7}
		{8522B38C-9719-4954-BC7F-267A19A7C717} = {49104745-5DD3-489F-BAB4-40D734CDCE16}
		{B180300B-A7C2-4814-8938-3138EFB58757} = {49104745-5DD3-489F-BAB4-40D734CDCE16}
		{28D2254F-AA43-40D0-AF94-5160C5805DC4} = {E607B514-642B-4CDA-A296-16EE29023FB7}
		{6BFF1CF3-603E-4457-84EB-2CEEDAA744FC} = {617A0D88-9ADE-444C-BF94-5BCE019EE997}
	EndGlobalSection
	GlobalSection(ExtensibilityGlobals) = postSolution
		SolutionGuid = {371BFA14-0980-4A43-A18A-CA1C1A9CB784}
	EndGlobalSection
EndGlobal
