
Microsoft Visual Studio Solution File, Format Version 12.00
# Visual Studio 15
VisualStudioVersion = 15.0.28010.2026
MinimumVisualStudioVersion = 10.0.40219.1
Project("{FAE04EC0-301F-11D3-BF4B-00C04F79EFBC}") = "TopicSender", "TopicSender\TopicSender.csproj", "{78EDDB15-FECA-4411-92F5-11FA525A1A99}"
EndProject
Global
	GlobalSection(SolutionConfigurationPlatforms) = preSolution
		Debug|Any CPU = Debug|Any CPU
		Release|Any CPU = Release|Any CPU
	EndGlobalSection
	GlobalSection(ProjectConfigurationPlatforms) = postSolution
		{78EDDB15-FECA-4411-92F5-11FA525A1A99}.Debug|Any CPU.ActiveCfg = Debug|Any CPU
		{78EDDB15-FECA-4411-92F5-11FA525A1A99}.Debug|Any CPU.Build.0 = Debug|Any CPU
		{78EDDB15-FECA-4411-92F5-11FA525A1A99}.Release|Any CPU.ActiveCfg = Release|Any CPU
		{78EDDB15-FECA-4411-92F5-11FA525A1A99}.Release|Any CPU.Build.0 = Release|Any CPU
	EndGlobalSection
	GlobalSection(SolutionProperties) = preSolution
		HideSolutionNode = FALSE
	EndGlobalSection
	GlobalSection(ExtensibilityGlobals) = postSolution
		SolutionGuid = {5AA8FD0E-5B77-4268-BA48-66ADD5366B15}
	EndGlobalSection
EndGlobal
